{
  "version": 4,
  "terraform_version": "1.11.4",
  "serial": 4,
  "lineage": "1012b216-9d88-7d69-584d-add4e14bcb99",
  "outputs": {},
  "resources": [
    {
      "mode": "managed",
      "type": "local_file",
      "name": "my_file",
      "provider": "provider[\"registry.terraform.io/hashicorp/local\"]",
      "instances": [
        {
          "schema_version": 0,
          "attributes": {
            "content": "nasrullah made this file here which is terraform project",
            "content_base64": null,
            "content_base64sha256": "Fkg2qg8nhP1jVV4dbwe7JCFNsAoqUeWiBakHb5P8370=",
            "content_base64sha512": "HGrafRLXhwnzammz0ehc+4k1CCc4ragAlrblqawQveoF0ROol+yaUNgKmlJU6CCc8Crtzdh244PShvIL8ZveNg==",
            "content_md5": "16dd43e6a7a141f57ca1fdd04d7a54d1",
            "content_sha1": "7254d9ce2ce2eb926457fefbab9c9787196fe07d",
            "content_sha256": "164836aa0f2784fd63555e1d6f07bb24214db00a2a51e5a205a9076f93fcdfbd",
            "content_sha512": "1c6ada7d12d78709f36a69b3d1e85cfb8935082738ada80096b6e5a9ac10bdea05d113a897ec9a50d80a9a5254e8209cf02aedcdd876e383d286f20bf19bde36",
            "directory_permission": "0777",
            "file_permission": "0777",
            "filename": "mk.txt",
            "id": "7254d9ce2ce2eb926457fefbab9c9787196fe07d",
            "sensitive_content": null,
            "source": null
          },
          "sensitive_attributes": [
            [
              {
                "type": "get_attr",
                "value": "sensitive_content"
              }
            ]
          ]
        }
      ]
    }
  ],
  "check_results": null
}
